
Microsoft Visual Studio Solution File, Format Version 12.00
# Visual Studio Version 17
VisualStudioVersion = 17.7.34202.233
MinimumVisualStudioVersion = 10.0.40219.1
Project("{888888A0-9F3D-457C-B088-3A5042F75D52}") = "BankingPython", "BankingPython\BankingPython.pyproj", "{244C40C4-DEAA-46F0-BB1D-7639AF064B51}"
EndProject
Global
	GlobalSection(SolutionConfigurationPlatforms) = preSolution
		Debug|Any CPU = Debug|Any CPU
		Release|Any CPU = Release|Any CPU
	EndGlobalSection
	GlobalSection(ProjectConfigurationPlatforms) = postSolution
		{244C40C4-DEAA-46F0-BB1D-7639AF064B51}.Debug|Any CPU.ActiveCfg = Debug|Any CPU
		{244C40C4-DEAA-46F0-BB1D-7639AF064B51}.Release|Any CPU.ActiveCfg = Release|Any CPU
	EndGlobalSection
	GlobalSection(SolutionProperties) = preSolution
		HideSolutionNode = FALSE
	EndGlobalSection
	GlobalSection(ExtensibilityGlobals) = postSolution
		SolutionGuid = {534DA816-2FF9-4D04-9C78-9352AA7AE0B4}
	EndGlobalSection
EndGlobal
